
Microsoft Visual Studio Solution File, Format Version 12.00
# Visual Studio Version 17
VisualStudioVersion = 17.14.36518.9 d17.14
MinimumVisualStudioVersion = 10.0.40219.1
Project("{FAE04EC0-301F-11D3-BF4B-00C04F79EFBC}") = "BacpacCompatFixer", "BacpacCompatFixer.csproj", "{EC96DDB7-9BAC-453C-95E5-9FB276B53FB4}"
EndProject
Global
	GlobalSection(SolutionConfigurationPlatforms) = preSolution
		Debug|Any CPU = Debug|Any CPU
		Release|Any CPU = Release|Any CPU
	EndGlobalSection
	GlobalSection(ProjectConfigurationPlatforms) = postSolution
		{EC96DDB7-9BAC-453C-95E5-9FB276B53FB4}.Debug|Any CPU.ActiveCfg = Debug|Any CPU
		{EC96DDB7-9BAC-453C-95E5-9FB276B53FB4}.Debug|Any CPU.Build.0 = Debug|Any CPU
		{EC96DDB7-9BAC-453C-95E5-9FB276B53FB4}.Release|Any CPU.ActiveCfg = Release|Any CPU
		{EC96DDB7-9BAC-453C-95E5-9FB276B53FB4}.Release|Any CPU.Build.0 = Release|Any CPU
	EndGlobalSection
	GlobalSection(SolutionProperties) = preSolution
		HideSolutionNode = FALSE
	EndGlobalSection
	GlobalSection(ExtensibilityGlobals) = postSolution
		SolutionGuid = {58DE8BE5-459A-4AD7-B3DB-DA990A5A5FF0}
	EndGlobalSection
EndGlobal
